
Microsoft Visual Studio Solution File, Format Version 12.00
# Visual Studio 2013
VisualStudioVersion = 12.0.30501.0
MinimumVisualStudioVersion = 10.0.40219.1
Project("{FAE04EC0-301F-11D3-BF4B-00C04F79EFBC}") = "Plainion.Core", "src\Plainion.Core\Plainion.Core.csproj", "{3CBD40B6-84FC-4898-8C64-CD602DA8EF79}"
EndProject
Project("{2150E333-8FDC-42A3-9474-1A3956D46DE8}") = "Solution Items", "Solution Items", "{E942AA64-1A87-4E87-AD6B-0C1778D0ED82}"
	ProjectSection(SolutionItems) = preProject
		build\GlobalAssemblyInfo.cs = build\GlobalAssemblyInfo.cs
	EndProjectSection
EndProject
Project("{FAE04EC0-301F-11D3-BF4B-00C04F79EFBC}") = "Plainion.Core.Tests", "src\Plainion.Core.Tests\Plainion.Core.Tests.csproj", "{58BB77AF-6384-4E77-8DE1-0915C3D4B03E}"
EndProject
Project("{FAE04EC0-301F-11D3-BF4B-00C04F79EFBC}") = "Plainion.Windows", "src\Plainion.Windows\Plainion.Windows.csproj", "{B76263B3-B4C6-4111-865D-1CE6B578D34A}"
EndProject
Project("{FAE04EC0-301F-11D3-BF4B-00C04F79EFBC}") = "Plainion.Prism", "src\Plainion.Prism\Plainion.Prism.csproj", "{838852B7-5A0C-4ACB-8436-DB2D581708CB}"
EndProject
Global
	GlobalSection(SolutionConfigurationPlatforms) = preSolution
		Debug|Any CPU = Debug|Any CPU
		Release|Any CPU = Release|Any CPU
	EndGlobalSection
	GlobalSection(ProjectConfigurationPlatforms) = postSolution
		{3CBD40B6-84FC-4898-8C64-CD602DA8EF79}.Debug|Any CPU.ActiveCfg = Debug|Any CPU
		{3CBD40B6-84FC-4898-8C64-CD602DA8EF79}.Debug|Any CPU.Build.0 = Debug|Any CPU
		{3CBD40B6-84FC-4898-8C64-CD602DA8EF79}.Release|Any CPU.ActiveCfg = Release|Any CPU
		{3CBD40B6-84FC-4898-8C64-CD602DA8EF79}.Release|Any CPU.Build.0 = Release|Any CPU
		{58BB77AF-6384-4E77-8DE1-0915C3D4B03E}.Debug|Any CPU.ActiveCfg = Debug|Any CPU
		{58BB77AF-6384-4E77-8DE1-0915C3D4B03E}.Debug|Any CPU.Build.0 = Debug|Any CPU
		{58BB77AF-6384-4E77-8DE1-0915C3D4B03E}.Release|Any CPU.ActiveCfg = Release|Any CPU
		{58BB77AF-6384-4E77-8DE1-0915C3D4B03E}.Release|Any CPU.Build.0 = Release|Any CPU
		{B76263B3-B4C6-4111-865D-1CE6B578D34A}.Debug|Any CPU.ActiveCfg = Debug|Any CPU
		{B76263B3-B4C6-4111-865D-1CE6B578D34A}.Debug|Any CPU.Build.0 = Debug|Any CPU
		{B76263B3-B4C6-4111-865D-1CE6B578D34A}.Release|Any CPU.ActiveCfg = Release|Any CPU
		{B76263B3-B4C6-4111-865D-1CE6B578D34A}.Release|Any CPU.Build.0 = Release|Any CPU
		{838852B7-5A0C-4ACB-8436-DB2D581708CB}.Debug|Any CPU.ActiveCfg = Debug|Any CPU
		{838852B7-5A0C-4ACB-8436-DB2D581708CB}.Debug|Any CPU.Build.0 = Debug|Any CPU
		{838852B7-5A0C-4ACB-8436-DB2D581708CB}.Release|Any CPU.ActiveCfg = Release|Any CPU
		{838852B7-5A0C-4ACB-8436-DB2D581708CB}.Release|Any CPU.Build.0 = Release|Any CPU
	EndGlobalSection
	GlobalSection(SolutionProperties) = preSolution
		HideSolutionNode = FALSE
	EndGlobalSection
EndGlobal
